%{"apex": {:hex, :apex, "1.2.0", "2da5035ef5fc59da2c24187a880b1b6d38b6b67c19b89a6265f5986ff0e85b1f", [:mix], [], "hexpm"},
  "certifi": {:hex, :certifi, "2.3.1", "d0f424232390bf47d82da8478022301c561cf6445b5b5fb6a84d49a9e76d2639", [:rebar3], [{:parse_trans, "3.2.0", [hex: :parse_trans, repo: "hexpm", optional: false]}], "hexpm"},
  "chatterbox": {:git, "https://github.com/tony612/chatterbox.git", "7fe9b6d89903c59359e4406842cb68ecfa1e9b5c", [branch: "my-fix"]},
  "cowboy": {:hex, :cowboy, "2.2.2", "6cde634da1da8b1d17dd2b20f5f6f91ab8ac7fa1b5106d13dad63c905ab76004", [:rebar3], [{:cowlib, "~> 2.1.0", [hex: :cowlib, repo: "hexpm", optional: false]}, {:ranch, "~> 1.4.0", [hex: :ranch, repo: "hexpm", optional: false]}], "hexpm"},
  "cowlib": {:hex, :cowlib, "2.1.0", "f73658b93dd043af40400c3e4fd997068ebd0c617f8c8f4cd003a1a78ebf94f5", [:rebar3], [], "hexpm"},
  "dialyxir": {:hex, :dialyxir, "0.5.1", "b331b091720fd93e878137add264bac4f644e1ddae07a70bf7062c7862c4b952", [:mix], [], "hexpm"},
  "earmark": {:hex, :earmark, "1.2.4", "99b637c62a4d65a20a9fb674b8cffb8baa771c04605a80c911c4418c69b75439", [:mix], [], "hexpm"},
  "ex_doc": {:hex, :ex_doc, "0.18.3", "f4b0e4a2ec6f333dccf761838a4b253d75e11f714b85ae271c9ae361367897b7", [:mix], [{:earmark, "~> 1.1", [hex: :earmark, repo: "hexpm", optional: false]}], "hexpm"},
  "goldrush": {:git, "https://github.com/basho/goldrush.git", "8f1b715d36b650ec1e1f5612c00e28af6ab0de82", [tag: "0.1.9"]},
  "goth": {:hex, :goth, "0.7.0", "90f6c07551f5ab842f5bfe29db4a83b9c1dbb46bab33da192df520b97e5ed300", [], [{:httpoison, "~> 0.11", [hex: :httpoison, repo: "hexpm", optional: false]}, {:json_web_token, "~> 0.2.10", [hex: :json_web_token, repo: "hexpm", optional: false]}, {:poison, "~> 2.1 or ~> 3.0", [hex: :poison, repo: "hexpm", optional: false]}], "hexpm"},
  "grpc": {:git, "https://github.com/tony612/grpc-elixir.git", "1e46d253c8cf4c9925e2c12445699be236fff3e0", [branch: :master]},
  "hackney": {:hex, :hackney, "1.10.1", "c38d0ca52ea80254936a32c45bb7eb414e7a96a521b4ce76d00a69753b157f21", [], [{:certifi, "2.0.0", [hex: :certifi, repo: "hexpm", optional: false]}, {:idna, "5.1.0", [hex: :idna, repo: "hexpm", optional: false]}, {:metrics, "1.0.1", [hex: :metrics, repo: "hexpm", optional: false]}, {:mimerl, "1.0.2", [hex: :mimerl, repo: "hexpm", optional: false]}, {:ssl_verify_fun, "1.1.1", [hex: :ssl_verify_fun, repo: "hexpm", optional: false]}], "hexpm"},
  "hpack": {:git, "https://github.com/joedevivo/hpack.git", "6b58b6231e9b6ab83096715120578976f72f4f7c", [tag: "0.2.3"]},
  "httpoison": {:hex, :httpoison, "0.13.0", "bfaf44d9f133a6599886720f3937a7699466d23bb0cd7a88b6ba011f53c6f562", [], [{:hackney, "~> 1.8", [hex: :hackney, repo: "hexpm", optional: false]}], "hexpm"},
  "idna": {:hex, :idna, "5.1.0", "d72b4effeb324ad5da3cab1767cb16b17939004e789d8c0ad5b70f3cea20c89a", [], [{:unicode_util_compat, "0.3.1", [hex: :unicode_util_compat, repo: "hexpm", optional: false]}], "hexpm"},
  "inch_ex": {:hex, :inch_ex, "0.5.6", "418357418a553baa6d04eccd1b44171936817db61f4c0840112b420b8e378e67", [:mix], [{:poison, "~> 1.5 or ~> 2.0 or ~> 3.0", [hex: :poison, repo: "hexpm", optional: false]}], "hexpm"},
  "json_web_token": {:hex, :json_web_token, "0.2.10", "61041d56369422c5e3a770cf7d7bf27224b3c4c12d3a7d79b43a002df766db22", [], [{:poison, "~> 3.1", [hex: :poison, repo: "hexpm", optional: false]}], "hexpm"},
  "lager": {:git, "https://github.com/basho/lager.git", "81eaef0ce98fdbf64ab95665e3bc2ec4b24c7dac", [tag: "3.2.4"]},
  "metrics": {:hex, :metrics, "1.0.1", "25f094dea2cda98213cecc3aeff09e940299d950904393b2a29d191c346a8486", [], [], "hexpm"},
  "mimerl": {:hex, :mimerl, "1.0.2", "993f9b0e084083405ed8252b99460c4f0563e41729ab42d9074fd5e52439be88", [], [], "hexpm"},
  "mox": {:hex, :mox, "0.3.1", "2ab1dce006387a91fbe1e727ba468d3e0691eacfd4e2fc7308d53676ec335c46", [:mix], [], "hexpm"},
  "parse_trans": {:hex, :parse_trans, "3.2.0", "2adfa4daf80c14dc36f522cf190eb5c4ee3e28008fc6394397c16f62a26258c2", [:rebar3], [], "hexpm"},
  "poison": {:hex, :poison, "3.1.0", "d9eb636610e096f86f25d9a46f35a9facac35609a7591b3be3326e99a0484665", [:mix], [], "hexpm"},
  "protobuf": {:hex, :protobuf, "0.5.3", "7216b9814830a92384c4a99ca1ce35884614517c1cdf0c75ea74ea9bb9fabaeb", [:mix], [], "hexpm"},
  "ranch": {:hex, :ranch, "1.4.0", "10272f95da79340fa7e8774ba7930b901713d272905d0012b06ca6d994f8826b", [:rebar3], [], "hexpm"},
  "ssl_verify_fun": {:hex, :ssl_verify_fun, "1.1.1", "28a4d65b7f59893bc2c7de786dec1e1555bd742d336043fe644ae956c3497fbe", [], [], "hexpm"},
  "unicode_util_compat": {:hex, :unicode_util_compat, "0.3.1", "a1f612a7b512638634a603c8f401892afbf99b8ce93a45041f8aaca99cadb85e", [], [], "hexpm"},
  "uuid": {:hex, :uuid, "1.1.8", "e22fc04499de0de3ed1116b770c7737779f226ceefa0badb3592e64d5cfb4eb9", [:mix], [], "hexpm"},
  "wait_for_it": {:git, "https://github.com/cjab/wait_for_it.git", "e7e82c3a40b215b3e89ca715c04757249bdfd739", [branch: "update-ex-doc"]}}
